
Microsoft Visual Studio Solution File, Format Version 12.00
# Visual Studio Version 16
VisualStudioVersion = 16.0.30611.23
MinimumVisualStudioVersion = 10.0.40219.1
Project("{8BC9CEB8-8B4A-11D0-8D11-00A0C91BC942}") = "ConsoleApplication1", "ConsoleApplication1\ConsoleApplication1.vcxproj", "{3ED42F17-5D3B-4D90-91FF-D4D01F4E1562}"
EndProject
Global
	GlobalSection(SolutionConfigurationPlatforms) = preSolution
		Debug|x64 = Debug|x64
		Debug|x86 = Debug|x86
		Release|x64 = Release|x64
		Release|x86 = Release|x86
	EndGlobalSection
	GlobalSection(ProjectConfigurationPlatforms) = postSolution
		{3ED42F17-5D3B-4D90-91FF-D4D01F4E1562}.Debug|x64.ActiveCfg = Debug|x64
		{3ED42F17-5D3B-4D90-91FF-D4D01F4E1562}.Debug|x64.Build.0 = Debug|x64
		{3ED42F17-5D3B-4D90-91FF-D4D01F4E1562}.Debug|x86.ActiveCfg = Debug|Win32
		{3ED42F17-5D3B-4D90-91FF-D4D01F4E1562}.Debug|x86.Build.0 = Debug|Win32
		{3ED42F17-5D3B-4D90-91FF-D4D01F4E1562}.Release|x64.ActiveCfg = Release|x64
		{3ED42F17-5D3B-4D90-91FF-D4D01F4E1562}.Release|x64.Build.0 = Release|x64
		{3ED42F17-5D3B-4D90-91FF-D4D01F4E1562}.Release|x86.ActiveCfg = Release|Win32
		{3ED42F17-5D3B-4D90-91FF-D4D01F4E1562}.Release|x86.Build.0 = Release|Win32
	EndGlobalSection
	GlobalSection(SolutionProperties) = preSolution
		HideSolutionNode = FALSE
	EndGlobalSection
	GlobalSection(ExtensibilityGlobals) = postSolution
		SolutionGuid = {0A904EC7-003A-464B-8976-5CF8B124B5E2}
	EndGlobalSection
EndGlobal
